
Microsoft Visual Studio Solution File, Format Version 12.00
# Visual Studio Version 17
VisualStudioVersion = 17.7.34031.279
MinimumVisualStudioVersion = 10.0.40219.1
Project("{FAE04EC0-301F-11D3-BF4B-00C04F79EFBC}") = "SchoolDataLib", "SchoolDataLib\SchoolDataLib.csproj", "{C77DA19A-4EFB-4D57-84D6-EB35307CCC7A}"
EndProject
Project("{FAE04EC0-301F-11D3-BF4B-00C04F79EFBC}") = "SchoolUnitTest", "SchoolUnitTest\SchoolUnitTest.csproj", "{EE724E43-651E-4D20-A984-121B900043A8}"
EndProject
Global
	GlobalSection(SolutionConfigurationPlatforms) = preSolution
		Debug|Any CPU = Debug|Any CPU
		Release|Any CPU = Release|Any CPU
	EndGlobalSection
	GlobalSection(ProjectConfigurationPlatforms) = postSolution
		{C77DA19A-4EFB-4D57-84D6-EB35307CCC7A}.Debug|Any CPU.ActiveCfg = Debug|Any CPU
		{C77DA19A-4EFB-4D57-84D6-EB35307CCC7A}.Debug|Any CPU.Build.0 = Debug|Any CPU
		{C77DA19A-4EFB-4D57-84D6-EB35307CCC7A}.Release|Any CPU.ActiveCfg = Release|Any CPU
		{C77DA19A-4EFB-4D57-84D6-EB35307CCC7A}.Release|Any CPU.Build.0 = Release|Any CPU
		{EE724E43-651E-4D20-A984-121B900043A8}.Debug|Any CPU.ActiveCfg = Debug|Any CPU
		{EE724E43-651E-4D20-A984-121B900043A8}.Debug|Any CPU.Build.0 = Debug|Any CPU
		{EE724E43-651E-4D20-A984-121B900043A8}.Release|Any CPU.ActiveCfg = Release|Any CPU
		{EE724E43-651E-4D20-A984-121B900043A8}.Release|Any CPU.Build.0 = Release|Any CPU
	EndGlobalSection
	GlobalSection(SolutionProperties) = preSolution
		HideSolutionNode = FALSE
	EndGlobalSection
	GlobalSection(ExtensibilityGlobals) = postSolution
		SolutionGuid = {1374481B-123D-4A87-9ABF-96B8EC81E9E2}
	EndGlobalSection
EndGlobal
